
Microsoft Visual Studio Solution File, Format Version 12.00
# Visual Studio Version 17
VisualStudioVersion = 17.0.31903.59
MinimumVisualStudioVersion = 10.0.40219.1
Project("{FAE04EC0-301F-11D3-BF4B-00C04F79EFBC}") = "game-instance-api", "game-instance-api\game-instance-api.csproj", "{2F78A329-293F-4C1F-BE9D-84C9E5738C07}"
EndProject
Project("{FAE04EC0-301F-11D3-BF4B-00C04F79EFBC}") = "game-manager-api", "game-manager-api\game-manager-api.csproj", "{90E79D7B-DD80-400C-BA4D-401BF505F21E}"
EndProject
Project("{FAE04EC0-301F-11D3-BF4B-00C04F79EFBC}") = "standard", "standard\standard.csproj", "{6D5BE52F-AB05-4B7C-A37F-A2FC00C4952F}"
EndProject
Project("{FAE04EC0-301F-11D3-BF4B-00C04F79EFBC}") = "identity-server", "identity-server\identity-server.csproj", "{6E31E598-5AF3-4173-A6B0-753963F70422}"
EndProject
Project("{FAE04EC0-301F-11D3-BF4B-00C04F79EFBC}") = "quiz-api", "quiz-api\quiz-api.csproj", "{5CC13456-E435-4EE7-9C11-D51128F3483D}"
EndProject
Global
	GlobalSection(SolutionConfigurationPlatforms) = preSolution
		Debug|Any CPU = Debug|Any CPU
		Debug|x64 = Debug|x64
		Debug|x86 = Debug|x86
		Release|Any CPU = Release|Any CPU
		Release|x64 = Release|x64
		Release|x86 = Release|x86
	EndGlobalSection
	GlobalSection(ProjectConfigurationPlatforms) = postSolution
		{2F78A329-293F-4C1F-BE9D-84C9E5738C07}.Debug|Any CPU.ActiveCfg = Debug|Any CPU
		{2F78A329-293F-4C1F-BE9D-84C9E5738C07}.Debug|Any CPU.Build.0 = Debug|Any CPU
		{2F78A329-293F-4C1F-BE9D-84C9E5738C07}.Debug|x64.ActiveCfg = Debug|Any CPU
		{2F78A329-293F-4C1F-BE9D-84C9E5738C07}.Debug|x64.Build.0 = Debug|Any CPU
		{2F78A329-293F-4C1F-BE9D-84C9E5738C07}.Debug|x86.ActiveCfg = Debug|Any CPU
		{2F78A329-293F-4C1F-BE9D-84C9E5738C07}.Debug|x86.Build.0 = Debug|Any CPU
		{2F78A329-293F-4C1F-BE9D-84C9E5738C07}.Release|Any CPU.ActiveCfg = Release|Any CPU
		{2F78A329-293F-4C1F-BE9D-84C9E5738C07}.Release|Any CPU.Build.0 = Release|Any CPU
		{2F78A329-293F-4C1F-BE9D-84C9E5738C07}.Release|x64.ActiveCfg = Release|Any CPU
		{2F78A329-293F-4C1F-BE9D-84C9E5738C07}.Release|x64.Build.0 = Release|Any CPU
		{2F78A329-293F-4C1F-BE9D-84C9E5738C07}.Release|x86.ActiveCfg = Release|Any CPU
		{2F78A329-293F-4C1F-BE9D-84C9E5738C07}.Release|x86.Build.0 = Release|Any CPU
		{90E79D7B-DD80-400C-BA4D-401BF505F21E}.Debug|Any CPU.ActiveCfg = Debug|Any CPU
		{90E79D7B-DD80-400C-BA4D-401BF505F21E}.Debug|Any CPU.Build.0 = Debug|Any CPU
		{90E79D7B-DD80-400C-BA4D-401BF505F21E}.Debug|x64.ActiveCfg = Debug|Any CPU
		{90E79D7B-DD80-400C-BA4D-401BF505F21E}.Debug|x64.Build.0 = Debug|Any CPU
		{90E79D7B-DD80-400C-BA4D-401BF505F21E}.Debug|x86.ActiveCfg = Debug|Any CPU
		{90E79D7B-DD80-400C-BA4D-401BF505F21E}.Debug|x86.Build.0 = Debug|Any CPU
		{90E79D7B-DD80-400C-BA4D-401BF505F21E}.Release|Any CPU.ActiveCfg = Release|Any CPU
		{90E79D7B-DD80-400C-BA4D-401BF505F21E}.Release|Any CPU.Build.0 = Release|Any CPU
		{90E79D7B-DD80-400C-BA4D-401BF505F21E}.Release|x64.ActiveCfg = Release|Any CPU
		{90E79D7B-DD80-400C-BA4D-401BF505F21E}.Release|x64.Build.0 = Release|Any CPU
		{90E79D7B-DD80-400C-BA4D-401BF505F21E}.Release|x86.ActiveCfg = Release|Any CPU
		{90E79D7B-DD80-400C-BA4D-401BF505F21E}.Release|x86.Build.0 = Release|Any CPU
		{6D5BE52F-AB05-4B7C-A37F-A2FC00C4952F}.Debug|Any CPU.ActiveCfg = Debug|Any CPU
		{6D5BE52F-AB05-4B7C-A37F-A2FC00C4952F}.Debug|Any CPU.Build.0 = Debug|Any CPU
		{6D5BE52F-AB05-4B7C-A37F-A2FC00C4952F}.Debug|x64.ActiveCfg = Debug|Any CPU
		{6D5BE52F-AB05-4B7C-A37F-A2FC00C4952F}.Debug|x64.Build.0 = Debug|Any CPU
		{6D5BE52F-AB05-4B7C-A37F-A2FC00C4952F}.Debug|x86.ActiveCfg = Debug|Any CPU
		{6D5BE52F-AB05-4B7C-A37F-A2FC00C4952F}.Debug|x86.Build.0 = Debug|Any CPU
		{6D5BE52F-AB05-4B7C-A37F-A2FC00C4952F}.Release|Any CPU.ActiveCfg = Release|Any CPU
		{6D5BE52F-AB05-4B7C-A37F-A2FC00C4952F}.Release|Any CPU.Build.0 = Release|Any CPU
		{6D5BE52F-AB05-4B7C-A37F-A2FC00C4952F}.Release|x64.ActiveCfg = Release|Any CPU
		{6D5BE52F-AB05-4B7C-A37F-A2FC00C4952F}.Release|x64.Build.0 = Release|Any CPU
		{6D5BE52F-AB05-4B7C-A37F-A2FC00C4952F}.Release|x86.ActiveCfg = Release|Any CPU
		{6D5BE52F-AB05-4B7C-A37F-A2FC00C4952F}.Release|x86.Build.0 = Release|Any CPU
		{6E31E598-5AF3-4173-A6B0-753963F70422}.Debug|Any CPU.ActiveCfg = Debug|Any CPU
		{6E31E598-5AF3-4173-A6B0-753963F70422}.Debug|Any CPU.Build.0 = Debug|Any CPU
		{6E31E598-5AF3-4173-A6B0-753963F70422}.Debug|x64.ActiveCfg = Debug|Any CPU
		{6E31E598-5AF3-4173-A6B0-753963F70422}.Debug|x64.Build.0 = Debug|Any CPU
		{6E31E598-5AF3-4173-A6B0-753963F70422}.Debug|x86.ActiveCfg = Debug|Any CPU
		{6E31E598-5AF3-4173-A6B0-753963F70422}.Debug|x86.Build.0 = Debug|Any CPU
		{6E31E598-5AF3-4173-A6B0-753963F70422}.Release|Any CPU.ActiveCfg = Release|Any CPU
		{6E31E598-5AF3-4173-A6B0-753963F70422}.Release|Any CPU.Build.0 = Release|Any CPU
		{6E31E598-5AF3-4173-A6B0-753963F70422}.Release|x64.ActiveCfg = Release|Any CPU
		{6E31E598-5AF3-4173-A6B0-753963F70422}.Release|x64.Build.0 = Release|Any CPU
		{6E31E598-5AF3-4173-A6B0-753963F70422}.Release|x86.ActiveCfg = Release|Any CPU
		{6E31E598-5AF3-4173-A6B0-753963F70422}.Release|x86.Build.0 = Release|Any CPU
		{5CC13456-E435-4EE7-9C11-D51128F3483D}.Debug|Any CPU.ActiveCfg = Debug|Any CPU
		{5CC13456-E435-4EE7-9C11-D51128F3483D}.Debug|Any CPU.Build.0 = Debug|Any CPU
		{5CC13456-E435-4EE7-9C11-D51128F3483D}.Debug|x64.ActiveCfg = Debug|Any CPU
		{5CC13456-E435-4EE7-9C11-D51128F3483D}.Debug|x64.Build.0 = Debug|Any CPU
		{5CC13456-E435-4EE7-9C11-D51128F3483D}.Debug|x86.ActiveCfg = Debug|Any CPU
		{5CC13456-E435-4EE7-9C11-D51128F3483D}.Debug|x86.Build.0 = Debug|Any CPU
		{5CC13456-E435-4EE7-9C11-D51128F3483D}.Release|Any CPU.ActiveCfg = Release|Any CPU
		{5CC13456-E435-4EE7-9C11-D51128F3483D}.Release|Any CPU.Build.0 = Release|Any CPU
		{5CC13456-E435-4EE7-9C11-D51128F3483D}.Release|x64.ActiveCfg = Release|Any CPU
		{5CC13456-E435-4EE7-9C11-D51128F3483D}.Release|x64.Build.0 = Release|Any CPU
		{5CC13456-E435-4EE7-9C11-D51128F3483D}.Release|x86.ActiveCfg = Release|Any CPU
		{5CC13456-E435-4EE7-9C11-D51128F3483D}.Release|x86.Build.0 = Release|Any CPU
	EndGlobalSection
	GlobalSection(SolutionProperties) = preSolution
		HideSolutionNode = FALSE
	EndGlobalSection
EndGlobal
